
Microsoft Visual Studio Solution File, Format Version 12.00
# Visual Studio Version 17
VisualStudioVersion = 17.4.33213.308
MinimumVisualStudioVersion = 10.0.40219.1
Project("{888888A0-9F3D-457C-B088-3A5042F75D52}") = "Rock paper Scissors", "Rock paper Scissors\Rock paper Scissors.pyproj", "{BBDE32AC-B545-4096-8B42-A68F5912DEEE}"
EndProject
Global
	GlobalSection(SolutionConfigurationPlatforms) = preSolution
		Debug|Any CPU = Debug|Any CPU
		Release|Any CPU = Release|Any CPU
	EndGlobalSection
	GlobalSection(ProjectConfigurationPlatforms) = postSolution
		{BBDE32AC-B545-4096-8B42-A68F5912DEEE}.Debug|Any CPU.ActiveCfg = Debug|Any CPU
		{BBDE32AC-B545-4096-8B42-A68F5912DEEE}.Release|Any CPU.ActiveCfg = Release|Any CPU
	EndGlobalSection
	GlobalSection(SolutionProperties) = preSolution
		HideSolutionNode = FALSE
	EndGlobalSection
	GlobalSection(ExtensibilityGlobals) = postSolution
		SolutionGuid = {3994C531-AAD1-41B7-84E4-2CA31A1782BB}
	EndGlobalSection
EndGlobal
